// !$*UTF8*$!
{
	archiveVersion = 1;
	classes = {
	};
	objectVersion = 55;
	objects = {

/* Begin PBXBuildFile section */
		7ACD0640B3089EAEB0F2F946 /* Pods_HeadwaySwiftUITestProject.framework in Frameworks */ = {isa = PBXBuildFile; fileRef = 86C4F5A93F165CE078470DD7 /* Pods_HeadwaySwiftUITestProject.framework */; };
		967BD62328560FAD0093CD01 /* HeadwaySwiftUITestProjectApp.swift in Sources */ = {isa = PBXBuildFile; fileRef = 967BD62228560FAD0093CD01 /* HeadwaySwiftUITestProjectApp.swift */; };
		967BD62528560FAD0093CD01 /* ContentView.swift in Sources */ = {isa = PBXBuildFile; fileRef = 967BD62428560FAD0093CD01 /* ContentView.swift */; };
		967BD62728560FB10093CD01 /* Assets.xcassets in Resources */ = {isa = PBXBuildFile; fileRef = 967BD62628560FB10093CD01 /* Assets.xcassets */; };
		967BD62A28560FB10093CD01 /* Preview Assets.xcassets in Resources */ = {isa = PBXBuildFile; fileRef = 967BD62928560FB10093CD01 /* Preview Assets.xcassets */; };
		967BD636285610110093CD01 /* Repository.swift in Sources */ = {isa = PBXBuildFile; fileRef = 967BD635285610110093CD01 /* Repository.swift */; };
		967BD638285610500093CD01 /* Home.swift in Sources */ = {isa = PBXBuildFile; fileRef = 967BD637285610500093CD01 /* Home.swift */; };
		967BD63A2856107F0093CD01 /* CustomSearchBar.swift in Sources */ = {isa = PBXBuildFile; fileRef = 967BD6392856107F0093CD01 /* CustomSearchBar.swift */; };
		967BD63C285610A40093CD01 /* SearchRepositories.swift in Sources */ = {isa = PBXBuildFile; fileRef = 967BD63B285610A40093CD01 /* SearchRepositories.swift */; };
		967BD63E285610BE0093CD01 /* Extensions.swift in Sources */ = {isa = PBXBuildFile; fileRef = 967BD63D285610BE0093CD01 /* Extensions.swift */; };
		967BD640285610E40093CD01 /* CustomSearchBar-ViewModel.swift in Sources */ = {isa = PBXBuildFile; fileRef = 967BD63F285610E40093CD01 /* CustomSearchBar-ViewModel.swift */; };
		967BD644285611070093CD01 /* Database.swift in Sources */ = {isa = PBXBuildFile; fileRef = 967BD643285611070093CD01 /* Database.swift */; };
		969D14092858C01E00D6882A /* ModelView.swift in Sources */ = {isa = PBXBuildFile; fileRef = 969D14082858C01E00D6882A /* ModelView.swift */; };
		96BA4ED928561A960077BE31 /* AppDelegate.swift in Sources */ = {isa = PBXBuildFile; fileRef = 96BA4ED828561A960077BE31 /* AppDelegate.swift */; };
		96BA4EDB28561C1C0077BE31 /* GoogleService-Info.plist in Resources */ = {isa = PBXBuildFile; fileRef = 96BA4EDA28561C1C0077BE31 /* GoogleService-Info.plist */; };
		96BA4EDE28565DF20077BE31 /* WelcomeView.swift in Sources */ = {isa = PBXBuildFile; fileRef = 96BA4EDD28565DF20077BE31 /* WelcomeView.swift */; };
		96BA4EE028565E370077BE31 /* Homescreen.swift in Sources */ = {isa = PBXBuildFile; fileRef = 96BA4EDF28565E370077BE31 /* Homescreen.swift */; };
		96BA4EE228565E760077BE31 /* Login.swift in Sources */ = {isa = PBXBuildFile; fileRef = 96BA4EE128565E760077BE31 /* Login.swift */; };
		96BA4EE428565EA10077BE31 /* SignUp.swift in Sources */ = {isa = PBXBuildFile; fileRef = 96BA4EE328565EA10077BE31 /* SignUp.swift */; };
		96BA4EE628565EC60077BE31 /* ErrorView.swift in Sources */ = {isa = PBXBuildFile; fileRef = 96BA4EE528565EC60077BE31 /* ErrorView.swift */; };
/* End PBXBuildFile section */

/* Begin PBXFileReference section */
		03E2C6B30FCDFE8CE9BFFC61 /* Pods-HeadwaySwiftUITestProject.debug.xcconfig */ = {isa = PBXFileReference; includeInIndex = 1; lastKnownFileType = text.xcconfig; name = "Pods-HeadwaySwiftUITestProject.debug.xcconfig"; path = "Target Support Files/Pods-HeadwaySwiftUITestProject/Pods-HeadwaySwiftUITestProject.debug.xcconfig"; sourceTree = "<group>"; };
		128158C2C1BC3169E39F5B7A /* Pods-HeadwaySwiftUITestProject.release.xcconfig */ = {isa = PBXFileReference; includeInIndex = 1; lastKnownFileType = text.xcconfig; name = "Pods-HeadwaySwiftUITestProject.release.xcconfig"; path = "Target Support Files/Pods-HeadwaySwiftUITestProject/Pods-HeadwaySwiftUITestProject.release.xcconfig"; sourceTree = "<group>"; };
		86C4F5A93F165CE078470DD7 /* Pods_HeadwaySwiftUITestProject.framework */ = {isa = PBXFileReference; explicitFileType = wrapper.framework; includeInIndex = 0; path = Pods_HeadwaySwiftUITestProject.framework; sourceTree = BUILT_PRODUCTS_DIR; };
		967BD61F28560FAD0093CD01 /* HeadwaySwiftUITestProject.app */ = {isa = PBXFileReference; explicitFileType = wrapper.application; includeInIndex = 0; path = HeadwaySwiftUITestProject.app; sourceTree = BUILT_PRODUCTS_DIR; };
		967BD62228560FAD0093CD01 /* HeadwaySwiftUITestProjectApp.swift */ = {isa = PBXFileReference; lastKnownFileType = sourcecode.swift; path = HeadwaySwiftUITestProjectApp.swift; sourceTree = "<group>"; };
		967BD62428560FAD0093CD01 /* ContentView.swift */ = {isa = PBXFileReference; lastKnownFileType = sourcecode.swift; path = ContentView.swift; sourceTree = "<group>"; };
		967BD62628560FB10093CD01 /* Assets.xcassets */ = {isa = PBXFileReference; lastKnownFileType = folder.assetcatalog; path = Assets.xcassets; sourceTree = "<group>"; };
		967BD62928560FB10093CD01 /* Preview Assets.xcassets */ = {isa = PBXFileReference; lastKnownFileType = folder.assetcatalog; path = "Preview Assets.xcassets"; sourceTree = "<group>"; };
		967BD635285610110093CD01 /* Repository.swift */ = {isa = PBXFileReference; lastKnownFileType = sourcecode.swift; path = Repository.swift; sourceTree = "<group>"; };
		967BD637285610500093CD01 /* Home.swift */ = {isa = PBXFileReference; lastKnownFileType = sourcecode.swift; path = Home.swift; sourceTree = "<group>"; };
		967BD6392856107F0093CD01 /* CustomSearchBar.swift */ = {isa = PBXFileReference; lastKnownFileType = sourcecode.swift; path = CustomSearchBar.swift; sourceTree = "<group>"; };
		967BD63B285610A40093CD01 /* SearchRepositories.swift */ = {isa = PBXFileReference; lastKnownFileType = sourcecode.swift; path = SearchRepositories.swift; sourceTree = "<group>"; };
		967BD63D285610BE0093CD01 /* Extensions.swift */ = {isa = PBXFileReference; lastKnownFileType = sourcecode.swift; path = Extensions.swift; sourceTree = "<group>"; };
		967BD63F285610E40093CD01 /* CustomSearchBar-ViewModel.swift */ = {isa = PBXFileReference; lastKnownFileType = sourcecode.swift; path = "CustomSearchBar-ViewModel.swift"; sourceTree = "<group>"; };
		967BD643285611070093CD01 /* Database.swift */ = {isa = PBXFileReference; lastKnownFileType = sourcecode.swift; path = Database.swift; sourceTree = "<group>"; };
		969D14082858C01E00D6882A /* ModelView.swift */ = {isa = PBXFileReference; lastKnownFileType = sourcecode.swift; path = ModelView.swift; sourceTree = "<group>"; };
		96BA4ED828561A960077BE31 /* AppDelegate.swift */ = {isa = PBXFileReference; lastKnownFileType = sourcecode.swift; path = AppDelegate.swift; sourceTree = "<group>"; };
		96BA4EDA28561C1C0077BE31 /* GoogleService-Info.plist */ = {isa = PBXFileReference; fileEncoding = 4; lastKnownFileType = text.plist.xml; path = "GoogleService-Info.plist"; sourceTree = "<group>"; };
		96BA4EDD28565DF20077BE31 /* WelcomeView.swift */ = {isa = PBXFileReference; lastKnownFileType = sourcecode.swift; path = WelcomeView.swift; sourceTree = "<group>"; };
		96BA4EDF28565E370077BE31 /* Homescreen.swift */ = {isa = PBXFileReference; lastKnownFileType = sourcecode.swift; path = Homescreen.swift; sourceTree = "<group>"; };
		96BA4EE128565E760077BE31 /* Login.swift */ = {isa = PBXFileReference; lastKnownFileType = sourcecode.swift; path = Login.swift; sourceTree = "<group>"; };
		96BA4EE328565EA10077BE31 /* SignUp.swift */ = {isa = PBXFileReference; lastKnownFileType = sourcecode.swift; path = SignUp.swift; sourceTree = "<group>"; };
		96BA4EE528565EC60077BE31 /* ErrorView.swift */ = {isa = PBXFileReference; lastKnownFileType = sourcecode.swift; path = ErrorView.swift; sourceTree = "<group>"; };
		96BA4EE8285666B30077BE31 /* Info.plist */ = {isa = PBXFileReference; lastKnownFileType = text.plist; path = Info.plist; sourceTree = "<group>"; };
/* End PBXFileReference section */

/* Begin PBXFrameworksBuildPhase section */
		967BD61C28560FAD0093CD01 /* Frameworks */ = {
			isa = PBXFrameworksBuildPhase;
			buildActionMask = 2147483647;
			files = (
				7ACD0640B3089EAEB0F2F946 /* Pods_HeadwaySwiftUITestProject.framework in Frameworks */,
			);
			runOnlyForDeploymentPostprocessing = 0;
		};
/* End PBXFrameworksBuildPhase section */

/* Begin PBXGroup section */
		1A7E6717668CFA58A1682639 /* Frameworks */ = {
			isa = PBXGroup;
			children = (
				86C4F5A93F165CE078470DD7 /* Pods_HeadwaySwiftUITestProject.framework */,
			);
			name = Frameworks;
			sourceTree = "<group>";
		};
		9636A7A42857188C0008FB7C /* View */ = {
			isa = PBXGroup;
			children = (
				969D140A2858C6AA00D6882A /* TabBar */,
				96BA4EE728565F090077BE31 /* Login-SignUp */,
				967BD6392856107F0093CD01 /* CustomSearchBar.swift */,
				96BA4EDD28565DF20077BE31 /* WelcomeView.swift */,
				96BA4EDF28565E370077BE31 /* Homescreen.swift */,
				967BD637285610500093CD01 /* Home.swift */,
			);
			path = View;
			sourceTree = "<group>";
		};
		967BD61628560FAD0093CD01 = {
			isa = PBXGroup;
			children = (
				967BD62128560FAD0093CD01 /* HeadwaySwiftUITestProject */,
				967BD62028560FAD0093CD01 /* Products */,
				EB6D0B95DD687DF68790B606 /* Pods */,
				1A7E6717668CFA58A1682639 /* Frameworks */,
			);
			sourceTree = "<group>";
		};
		967BD62028560FAD0093CD01 /* Products */ = {
			isa = PBXGroup;
			children = (
				967BD61F28560FAD0093CD01 /* HeadwaySwiftUITestProject.app */,
			);
			name = Products;
			sourceTree = "<group>";
		};
		967BD62128560FAD0093CD01 /* HeadwaySwiftUITestProject */ = {
			isa = PBXGroup;
			children = (
				9636A7A42857188C0008FB7C /* View */,
				96BA4EE9285667300077BE31 /* Utilities */,
				967BD63428560FF90093CD01 /* Model */,
				967BD63228560FEF0093CD01 /* ViewModel */,
				967BD63128560FE90093CD01 /* Helpers */,
				967BD63028560FE30093CD01 /* Data */,
				967BD62228560FAD0093CD01 /* HeadwaySwiftUITestProjectApp.swift */,
				967BD62428560FAD0093CD01 /* ContentView.swift */,
				96BA4ED828561A960077BE31 /* AppDelegate.swift */,
				96BA4EDA28561C1C0077BE31 /* GoogleService-Info.plist */,
				967BD62628560FB10093CD01 /* Assets.xcassets */,
				96BA4EE8285666B30077BE31 /* Info.plist */,
				967BD62828560FB10093CD01 /* Preview Content */,
			);
			path = HeadwaySwiftUITestProject;
			sourceTree = "<group>";
		};
		967BD62828560FB10093CD01 /* Preview Content */ = {
			isa = PBXGroup;
			children = (
				967BD62928560FB10093CD01 /* Preview Assets.xcassets */,
			);
			path = "Preview Content";
			sourceTree = "<group>";
		};
		967BD63028560FE30093CD01 /* Data */ = {
			isa = PBXGroup;
			children = (
				967BD643285611070093CD01 /* Database.swift */,
			);
			path = Data;
			sourceTree = "<group>";
		};
		967BD63128560FE90093CD01 /* Helpers */ = {
			isa = PBXGroup;
			children = (
				967BD63D285610BE0093CD01 /* Extensions.swift */,
				967BD63F285610E40093CD01 /* CustomSearchBar-ViewModel.swift */,
			);
			path = Helpers;
			sourceTree = "<group>";
		};
		967BD63228560FEF0093CD01 /* ViewModel */ = {
			isa = PBXGroup;
			children = (
				967BD63B285610A40093CD01 /* SearchRepositories.swift */,
				969D14082858C01E00D6882A /* ModelView.swift */,
			);
			path = ViewModel;
			sourceTree = "<group>";
		};
		967BD63428560FF90093CD01 /* Model */ = {
			isa = PBXGroup;
			children = (
				967BD635285610110093CD01 /* Repository.swift */,
			);
			path = Model;
			sourceTree = "<group>";
		};
		969D140A2858C6AA00D6882A /* TabBar */ = {
			isa = PBXGroup;
			children = (
			);
			path = TabBar;
			sourceTree = "<group>";
		};
		96BA4EE728565F090077BE31 /* Login-SignUp */ = {
			isa = PBXGroup;
			children = (
				96BA4EE128565E760077BE31 /* Login.swift */,
				96BA4EE328565EA10077BE31 /* SignUp.swift */,
			);
			path = "Login-SignUp";
			sourceTree = "<group>";
		};
		96BA4EE9285667300077BE31 /* Utilities */ = {
			isa = PBXGroup;
			children = (
				96BA4EE528565EC60077BE31 /* ErrorView.swift */,
			);
			path = Utilities;
			sourceTree = "<group>";
		};
		EB6D0B95DD687DF68790B606 /* Pods */ = {
			isa = PBXGroup;
			children = (
				03E2C6B30FCDFE8CE9BFFC61 /* Pods-HeadwaySwiftUITestProject.debug.xcconfig */,
				128158C2C1BC3169E39F5B7A /* Pods-HeadwaySwiftUITestProject.release.xcconfig */,
			);
			path = Pods;
			sourceTree = "<group>";
		};
/* End PBXGroup section */

/* Begin PBXNativeTarget section */
		967BD61E28560FAD0093CD01 /* HeadwaySwiftUITestProject */ = {
			isa = PBXNativeTarget;
			buildConfigurationList = 967BD62D28560FB10093CD01 /* Build configuration list for PBXNativeTarget "HeadwaySwiftUITestProject" */;
			buildPhases = (
				72CA01048EC3045F5451489E /* [CP] Check Pods Manifest.lock */,
				967BD61B28560FAD0093CD01 /* Sources */,
				967BD61C28560FAD0093CD01 /* Frameworks */,
				967BD61D28560FAD0093CD01 /* Resources */,
				B438B220CBCAFE8E8DFB12C2 /* [CP] Embed Pods Frameworks */,
			);
			buildRules = (
			);
			dependencies = (
			);
			name = HeadwaySwiftUITestProject;
			productName = HeadwaySwiftUITestProject;
			productReference = 967BD61F28560FAD0093CD01 /* HeadwaySwiftUITestProject.app */;
			productType = "com.apple.product-type.application";
		};
/* End PBXNativeTarget section */

/* Begin PBXProject section */
		967BD61728560FAD0093CD01 /* Project object */ = {
			isa = PBXProject;
			attributes = {
				BuildIndependentTargetsInParallel = 1;
				LastSwiftUpdateCheck = 1330;
				LastUpgradeCheck = 1330;
				TargetAttributes = {
					967BD61E28560FAD0093CD01 = {
						CreatedOnToolsVersion = 13.3;
					};
				};
			};
			buildConfigurationList = 967BD61A28560FAD0093CD01 /* Build configuration list for PBXProject "HeadwaySwiftUITestProject" */;
			compatibilityVersion = "Xcode 13.0";
			developmentRegion = en;
			hasScannedForEncodings = 0;
			knownRegions = (
				en,
				Base,
			);
			mainGroup = 967BD61628560FAD0093CD01;
			productRefGroup = 967BD62028560FAD0093CD01 /* Products */;
			projectDirPath = "";
			projectRoot = "";
			targets = (
				967BD61E28560FAD0093CD01 /* HeadwaySwiftUITestProject */,
			);
		};
/* End PBXProject section */

/* Begin PBXResourcesBuildPhase section */
		967BD61D28560FAD0093CD01 /* Resources */ = {
			isa = PBXResourcesBuildPhase;
			buildActionMask = 2147483647;
			files = (
				967BD62A28560FB10093CD01 /* Preview Assets.xcassets in Resources */,
				96BA4EDB28561C1C0077BE31 /* GoogleService-Info.plist in Resources */,
				967BD62728560FB10093CD01 /* Assets.xcassets in Resources */,
			);
			runOnlyForDeploymentPostprocessing = 0;
		};
/* End PBXResourcesBuildPhase section */

/* Begin PBXShellScriptBuildPhase section */
		72CA01048EC3045F5451489E /* [CP] Check Pods Manifest.lock */ = {
			isa = PBXShellScriptBuildPhase;
			buildActionMask = 2147483647;
			files = (
			);
			inputFileListPaths = (
			);
			inputPaths = (
				"${PODS_PODFILE_DIR_PATH}/Podfile.lock",
				"${PODS_ROOT}/Manifest.lock",
			);
			name = "[CP] Check Pods Manifest.lock";
			outputFileListPaths = (
			);
			outputPaths = (
				"$(DERIVED_FILE_DIR)/Pods-HeadwaySwiftUITestProject-checkManifestLockResult.txt",
			);
			runOnlyForDeploymentPostprocessing = 0;
			shellPath = /bin/sh;
			shellScript = "diff \"${PODS_PODFILE_DIR_PATH}/Podfile.lock\" \"${PODS_ROOT}/Manifest.lock\" > /dev/null\nif [ $? != 0 ] ; then\n    # print error to STDERR\n    echo \"error: The sandbox is not in sync with the Podfile.lock. Run 'pod install' or update your CocoaPods installation.\" >&2\n    exit 1\nfi\n# This output is used by Xcode 'outputs' to avoid re-running this script phase.\necho \"SUCCESS\" > \"${SCRIPT_OUTPUT_FILE_0}\"\n";
			showEnvVarsInLog = 0;
		};
		B438B220CBCAFE8E8DFB12C2 /* [CP] Embed Pods Frameworks */ = {
			isa = PBXShellScriptBuildPhase;
			buildActionMask = 2147483647;
			files = (
			);
			inputFileListPaths = (
				"${PODS_ROOT}/Target Support Files/Pods-HeadwaySwiftUITestProject/Pods-HeadwaySwiftUITestProject-frameworks-${CONFIGURATION}-input-files.xcfilelist",
			);
			name = "[CP] Embed Pods Frameworks";
			outputFileListPaths = (
				"${PODS_ROOT}/Target Support Files/Pods-HeadwaySwiftUITestProject/Pods-HeadwaySwiftUITestProject-frameworks-${CONFIGURATION}-output-files.xcfilelist",
			);
			runOnlyForDeploymentPostprocessing = 0;
			shellPath = /bin/sh;
			shellScript = "\"${PODS_ROOT}/Target Support Files/Pods-HeadwaySwiftUITestProject/Pods-HeadwaySwiftUITestProject-frameworks.sh\"\n";
			showEnvVarsInLog = 0;
		};
/* End PBXShellScriptBuildPhase section */

/* Begin PBXSourcesBuildPhase section */
		967BD61B28560FAD0093CD01 /* Sources */ = {
			isa = PBXSourcesBuildPhase;
			buildActionMask = 2147483647;
			files = (
				967BD62528560FAD0093CD01 /* ContentView.swift in Sources */,
				967BD640285610E40093CD01 /* CustomSearchBar-ViewModel.swift in Sources */,
				96BA4EE228565E760077BE31 /* Login.swift in Sources */,
				967BD62328560FAD0093CD01 /* HeadwaySwiftUITestProjectApp.swift in Sources */,
				967BD63A2856107F0093CD01 /* CustomSearchBar.swift in Sources */,
				96BA4EE028565E370077BE31 /* Homescreen.swift in Sources */,
				969D14092858C01E00D6882A /* ModelView.swift in Sources */,
				967BD638285610500093CD01 /* Home.swift in Sources */,
				96BA4EE428565EA10077BE31 /* SignUp.swift in Sources */,
				967BD636285610110093CD01 /* Repository.swift in Sources */,
				96BA4EDE28565DF20077BE31 /* WelcomeView.swift in Sources */,
				96BA4EE628565EC60077BE31 /* ErrorView.swift in Sources */,
				967BD644285611070093CD01 /* Database.swift in Sources */,
				967BD63C285610A40093CD01 /* SearchRepositories.swift in Sources */,
				96BA4ED928561A960077BE31 /* AppDelegate.swift in Sources */,
				967BD63E285610BE0093CD01 /* Extensions.swift in Sources */,
			);
			runOnlyForDeploymentPostprocessing = 0;
		};
/* End PBXSourcesBuildPhase section */

/* Begin XCBuildConfiguration section */
		967BD62B28560FB10093CD01 /* Debug */ = {
			isa = XCBuildConfiguration;
			buildSettings = {
				ALWAYS_SEARCH_USER_PATHS = NO;
				CLANG_ANALYZER_NONNULL = YES;
				CLANG_ANALYZER_NUMBER_OBJECT_CONVERSION = YES_AGGRESSIVE;
				CLANG_CXX_LANGUAGE_STANDARD = "gnu++17";
				CLANG_ENABLE_MODULES = YES;
				CLANG_ENABLE_OBJC_ARC = YES;
				CLANG_ENABLE_OBJC_WEAK = YES;
				CLANG_WARN_BLOCK_CAPTURE_AUTORELEASING = YES;
				CLANG_WARN_BOOL_CONVERSION = YES;
				CLANG_WARN_COMMA = YES;
				CLANG_WARN_CONSTANT_CONVERSION = YES;
				CLANG_WARN_DEPRECATED_OBJC_IMPLEMENTATIONS = YES;
				CLANG_WARN_DIRECT_OBJC_ISA_USAGE = YES_ERROR;
				CLANG_WARN_DOCUMENTATION_COMMENTS = YES;
				CLANG_WARN_EMPTY_BODY = YES;
				CLANG_WARN_ENUM_CONVERSION = YES;
				CLANG_WARN_INFINITE_RECURSION = YES;
				CLANG_WARN_INT_CONVERSION = YES;
				CLANG_WARN_NON_LITERAL_NULL_CONVERSION = YES;
				CLANG_WARN_OBJC_IMPLICIT_RETAIN_SELF = YES;
				CLANG_WARN_OBJC_LITERAL_CONVERSION = YES;
				CLANG_WARN_OBJC_ROOT_CLASS = YES_ERROR;
				CLANG_WARN_QUOTED_INCLUDE_IN_FRAMEWORK_HEADER = YES;
				CLANG_WARN_RANGE_LOOP_ANALYSIS = YES;
				CLANG_WARN_STRICT_PROTOTYPES = YES;
				CLANG_WARN_SUSPICIOUS_MOVE = YES;
				CLANG_WARN_UNGUARDED_AVAILABILITY = YES_AGGRESSIVE;
				CLANG_WARN_UNREACHABLE_CODE = YES;
				CLANG_WARN__DUPLICATE_METHOD_MATCH = YES;
				COPY_PHASE_STRIP = NO;
				DEBUG_INFORMATION_FORMAT = dwarf;
				ENABLE_STRICT_OBJC_MSGSEND = YES;
				ENABLE_TESTABILITY = YES;
				GCC_C_LANGUAGE_STANDARD = gnu11;
				GCC_DYNAMIC_NO_PIC = NO;
				GCC_NO_COMMON_BLOCKS = YES;
				GCC_OPTIMIZATION_LEVEL = 0;
				GCC_PREPROCESSOR_DEFINITIONS = (
					"DEBUG=1",
					"$(inherited)",
				);
				GCC_WARN_64_TO_32_BIT_CONVERSION = YES;
				GCC_WARN_ABOUT_RETURN_TYPE = YES_ERROR;
				GCC_WARN_UNDECLARED_SELECTOR = YES;
				GCC_WARN_UNINITIALIZED_AUTOS = YES_AGGRESSIVE;
				GCC_WARN_UNUSED_FUNCTION = YES;
				GCC_WARN_UNUSED_VARIABLE = YES;
				IPHONEOS_DEPLOYMENT_TARGET = 15.4;
				MTL_ENABLE_DEBUG_INFO = INCLUDE_SOURCE;
				MTL_FAST_MATH = YES;
				ONLY_ACTIVE_ARCH = YES;
				SDKROOT = iphoneos;
				SWIFT_ACTIVE_COMPILATION_CONDITIONS = DEBUG;
				SWIFT_OPTIMIZATION_LEVEL = "-Onone";
			};
			name = Debug;
		};
		967BD62C28560FB10093CD01 /* Release */ = {
			isa = XCBuildConfiguration;
			buildSettings = {
				ALWAYS_SEARCH_USER_PATHS = NO;
				CLANG_ANALYZER_NONNULL = YES;
				CLANG_ANALYZER_NUMBER_OBJECT_CONVERSION = YES_AGGRESSIVE;
				CLANG_CXX_LANGUAGE_STANDARD = "gnu++17";
				CLANG_ENABLE_MODULES = YES;
				CLANG_ENABLE_OBJC_ARC = YES;
				CLANG_ENABLE_OBJC_WEAK = YES;
				CLANG_WARN_BLOCK_CAPTURE_AUTORELEASING = YES;
				CLANG_WARN_BOOL_CONVERSION = YES;
				CLANG_WARN_COMMA = YES;
				CLANG_WARN_CONSTANT_CONVERSION = YES;
				CLANG_WARN_DEPRECATED_OBJC_IMPLEMENTATIONS = YES;
				CLANG_WARN_DIRECT_OBJC_ISA_USAGE = YES_ERROR;
				CLANG_WARN_DOCUMENTATION_COMMENTS = YES;
				CLANG_WARN_EMPTY_BODY = YES;
				CLANG_WARN_ENUM_CONVERSION = YES;
				CLANG_WARN_INFINITE_RECURSION = YES;
				CLANG_WARN_INT_CONVERSION = YES;
				CLANG_WARN_NON_LITERAL_NULL_CONVERSION = YES;
				CLANG_WARN_OBJC_IMPLICIT_RETAIN_SELF = YES;
				CLANG_WARN_OBJC_LITERAL_CONVERSION = YES;
				CLANG_WARN_OBJC_ROOT_CLASS = YES_ERROR;
				CLANG_WARN_QUOTED_INCLUDE_IN_FRAMEWORK_HEADER = YES;
				CLANG_WARN_RANGE_LOOP_ANALYSIS = YES;
				CLANG_WARN_STRICT_PROTOTYPES = YES;
				CLANG_WARN_SUSPICIOUS_MOVE = YES;
				CLANG_WARN_UNGUARDED_AVAILABILITY = YES_AGGRESSIVE;
				CLANG_WARN_UNREACHABLE_CODE = YES;
				CLANG_WARN__DUPLICATE_METHOD_MATCH = YES;
				COPY_PHASE_STRIP = NO;
				DEBUG_INFORMATION_FORMAT = "dwarf-with-dsym";
				ENABLE_NS_ASSERTIONS = NO;
				ENABLE_STRICT_OBJC_MSGSEND = YES;
				GCC_C_LANGUAGE_STANDARD = gnu11;
				GCC_NO_COMMON_BLOCKS = YES;
				GCC_WARN_64_TO_32_BIT_CONVERSION = YES;
				GCC_WARN_ABOUT_RETURN_TYPE = YES_ERROR;
				GCC_WARN_UNDECLARED_SELECTOR = YES;
				GCC_WARN_UNINITIALIZED_AUTOS = YES_AGGRESSIVE;
				GCC_WARN_UNUSED_FUNCTION = YES;
				GCC_WARN_UNUSED_VARIABLE = YES;
				IPHONEOS_DEPLOYMENT_TARGET = 15.4;
				MTL_ENABLE_DEBUG_INFO = NO;
				MTL_FAST_MATH = YES;
				SDKROOT = iphoneos;
				SWIFT_COMPILATION_MODE = wholemodule;
				SWIFT_OPTIMIZATION_LEVEL = "-O";
				VALIDATE_PRODUCT = YES;
			};
			name = Release;
		};
		967BD62E28560FB10093CD01 /* Debug */ = {
			isa = XCBuildConfiguration;
			baseConfigurationReference = 03E2C6B30FCDFE8CE9BFFC61 /* Pods-HeadwaySwiftUITestProject.debug.xcconfig */;
			buildSettings = {
				ASSETCATALOG_COMPILER_APPICON_NAME = AppIcon;
				ASSETCATALOG_COMPILER_GLOBAL_ACCENT_COLOR_NAME = AccentColor;
				CODE_SIGN_STYLE = Automatic;
				CURRENT_PROJECT_VERSION = 1;
				DEVELOPMENT_ASSET_PATHS = "\"HeadwaySwiftUITestProject/Preview Content\"";
				ENABLE_PREVIEWS = YES;
				GENERATE_INFOPLIST_FILE = YES;
				INFOPLIST_FILE = HeadwaySwiftUITestProject/Info.plist;
				INFOPLIST_KEY_UIApplicationSceneManifest_Generation = YES;
				INFOPLIST_KEY_UIApplicationSupportsIndirectInputEvents = YES;
				INFOPLIST_KEY_UILaunchScreen_Generation = YES;
				INFOPLIST_KEY_UISupportedInterfaceOrientations_iPad = "UIInterfaceOrientationPortrait UIInterfaceOrientationPortraitUpsideDown UIInterfaceOrientationLandscapeLeft UIInterfaceOrientationLandscapeRight";
				INFOPLIST_KEY_UISupportedInterfaceOrientations_iPhone = "UIInterfaceOrientationPortrait UIInterfaceOrientationLandscapeLeft UIInterfaceOrientationLandscapeRight";
				LD_RUNPATH_SEARCH_PATHS = (
					"$(inherited)",
					"@executable_path/Frameworks",
				);
				MARKETING_VERSION = 1.0;
				PRODUCT_BUNDLE_IDENTIFIER = headway.HeadwaySwiftUITestProject;
				PRODUCT_NAME = "$(TARGET_NAME)";
				SWIFT_EMIT_LOC_STRINGS = YES;
				SWIFT_VERSION = 5.0;
				TARGETED_DEVICE_FAMILY = "1,2";
			};
			name = Debug;
		};
		967BD62F28560FB10093CD01 /* Release */ = {
			isa = XCBuildConfiguration;
			baseConfigurationReference = 128158C2C1BC3169E39F5B7A /* Pods-HeadwaySwiftUITestProject.release.xcconfig */;
			buildSettings = {
				ASSETCATALOG_COMPILER_APPICON_NAME = AppIcon;
				ASSETCATALOG_COMPILER_GLOBAL_ACCENT_COLOR_NAME = AccentColor;
				CODE_SIGN_STYLE = Automatic;
				CURRENT_PROJECT_VERSION = 1;
				DEVELOPMENT_ASSET_PATHS = "\"HeadwaySwiftUITestProject/Preview Content\"";
				ENABLE_PREVIEWS = YES;
				GENERATE_INFOPLIST_FILE = YES;
				INFOPLIST_FILE = HeadwaySwiftUITestProject/Info.plist;
				INFOPLIST_KEY_UIApplicationSceneManifest_Generation = YES;
				INFOPLIST_KEY_UIApplicationSupportsIndirectInputEvents = YES;
				INFOPLIST_KEY_UILaunchScreen_Generation = YES;
				INFOPLIST_KEY_UISupportedInterfaceOrientations_iPad = "UIInterfaceOrientationPortrait UIInterfaceOrientationPortraitUpsideDown UIInterfaceOrientationLandscapeLeft UIInterfaceOrientationLandscapeRight";
				INFOPLIST_KEY_UISupportedInterfaceOrientations_iPhone = "UIInterfaceOrientationPortrait UIInterfaceOrientationLandscapeLeft UIInterfaceOrientationLandscapeRight";
				LD_RUNPATH_SEARCH_PATHS = (
					"$(inherited)",
					"@executable_path/Frameworks",
				);
				MARKETING_VERSION = 1.0;
				PRODUCT_BUNDLE_IDENTIFIER = headway.HeadwaySwiftUITestProject;
				PRODUCT_NAME = "$(TARGET_NAME)";
				SWIFT_EMIT_LOC_STRINGS = YES;
				SWIFT_VERSION = 5.0;
				TARGETED_DEVICE_FAMILY = "1,2";
			};
			name = Release;
		};
/* End XCBuildConfiguration section */

/* Begin XCConfigurationList section */
		967BD61A28560FAD0093CD01 /* Build configuration list for PBXProject "HeadwaySwiftUITestProject" */ = {
			isa = XCConfigurationList;
			buildConfigurations = (
				967BD62B28560FB10093CD01 /* Debug */,
				967BD62C28560FB10093CD01 /* Release */,
			);
			defaultConfigurationIsVisible = 0;
			defaultConfigurationName = Release;
		};
		967BD62D28560FB10093CD01 /* Build configuration list for PBXNativeTarget "HeadwaySwiftUITestProject" */ = {
			isa = XCConfigurationList;
			buildConfigurations = (
				967BD62E28560FB10093CD01 /* Debug */,
				967BD62F28560FB10093CD01 /* Release */,
			);
			defaultConfigurationIsVisible = 0;
			defaultConfigurationName = Release;
		};
/* End XCConfigurationList section */
	};
	rootObject = 967BD61728560FAD0093CD01 /* Project object */;
}
